<Solution>
  <Folder Name="/Solution Items/">
    <File Path="LICENSE" />
    <File Path="README.md" />
  </Folder>
  <Project Path="AMInfinityBattery/AMInfinityBattery.csproj" />
  <Project Path="AMInfinityBatterySysTray/AMInfinityBatterySysTray.csproj" />
  <Project Path="TestConsole/TestConsole.csproj" />
</Solution>
